
Microsoft Visual Studio Solution File, Format Version 12.00
# Visual Studio Version 17
VisualStudioVersion = 17.3.32825.248
MinimumVisualStudioVersion = 10.0.40219.1
Project("{FAE04EC0-301F-11D3-BF4B-00C04F79EFBC}") = "PraktikaLast", "PraktikaLast\PraktikaLast.csproj", "{7036DD1B-A619-4598-8DCE-74882D890F47}"
EndProject
Global
	GlobalSection(SolutionConfigurationPlatforms) = preSolution
		Debug|Any CPU = Debug|Any CPU
		Release|Any CPU = Release|Any CPU
	EndGlobalSection
	GlobalSection(ProjectConfigurationPlatforms) = postSolution
		{7036DD1B-A619-4598-8DCE-74882D890F47}.Debug|Any CPU.ActiveCfg = Debug|Any CPU
		{7036DD1B-A619-4598-8DCE-74882D890F47}.Debug|Any CPU.Build.0 = Debug|Any CPU
		{7036DD1B-A619-4598-8DCE-74882D890F47}.Release|Any CPU.ActiveCfg = Release|Any CPU
		{7036DD1B-A619-4598-8DCE-74882D890F47}.Release|Any CPU.Build.0 = Release|Any CPU
	EndGlobalSection
	GlobalSection(SolutionProperties) = preSolution
		HideSolutionNode = FALSE
	EndGlobalSection
	GlobalSection(ExtensibilityGlobals) = postSolution
		SolutionGuid = {81771936-EF1A-42DC-9F69-44DE838326E1}
	EndGlobalSection
EndGlobal
